// !$*UTF8*$!
{
	archiveVersion = 1;
	classes = {
	};
	objectVersion = 77;
	objects = {

/* Begin PBXBuildFile section */
		013BCBA23E957E480C7E100B /* RootView.swift in Sources */ = {isa = PBXBuildFile; fileRef = BD39F3643AA95C9CAC768A8C /* RootView.swift */; };
		0B10DEF97C5AEDD588470DD3 /* SignalSending.swift in Sources */ = {isa = PBXBuildFile; fileRef = 51E8F9A71CDE3FC0D80425AB /* SignalSending.swift */; };
		0B47E6F75ABE7025E36D734A /* FirebaseAuth in Frameworks */ = {isa = PBXBuildFile; productRef = 0368F9700F70BFC4CE5C48BF /* FirebaseAuth */; };
		0BE3CF8B96322D6ADFC8CC23 /* Motion.swift in Sources */ = {isa = PBXBuildFile; fileRef = F02AAB87F7DF526385B525E0 /* Motion.swift */; };
		15C6CCAA4D501299965F39F8 /* OnboardingFlow.swift in Sources */ = {isa = PBXBuildFile; fileRef = 2333521ECA1BD51F6B159F90 /* OnboardingFlow.swift */; };
		1766BC81310F3D5A6839C332 /* SpaceGrotesk-Light.ttf in Resources */ = {isa = PBXBuildFile; fileRef = F24C2152E81D250C103A2848 /* SpaceGrotesk-Light.ttf */; };
		1BE729F167FE14745B83CA4C /* SettingsView.swift in Sources */ = {isa = PBXBuildFile; fileRef = B6710142BFE6F88FBFB8E5FA /* SettingsView.swift */; };
		1C2929B1C3FC553EB954BF5F /* WarmthColor.swift in Sources */ = {isa = PBXBuildFile; fileRef = E0881BADFE76FF2B641B9EB9 /* WarmthColor.swift */; };
		1C94ADE8EC2216FC57DBED7D /* SettingsStore.swift in Sources */ = {isa = PBXBuildFile; fileRef = 205143C4A2F04EF71D601E74 /* SettingsStore.swift */; };
		2642DE185C53425E7CB5DDB4 /* WarmthGlass.swift in Sources */ = {isa = PBXBuildFile; fileRef = E7A40E2A94B66EBA0C6294B5 /* WarmthGlass.swift */; };
		2C661959CB4297F27A5095EF /* OFL.txt in Resources */ = {isa = PBXBuildFile; fileRef = 368DBE92B0EBA826BD8CFEF2 /* OFL.txt */; };
		31CB36B53EEF63C1819D3ADF /* MeshGradientBackground.swift in Sources */ = {isa = PBXBuildFile; fileRef = 8F59FCF2A3ED6172A282F543 /* MeshGradientBackground.swift */; };
		34CE3234720B994E2AFC71C7 /* SpaceGrotesk-Regular.ttf in Resources */ = {isa = PBXBuildFile; fileRef = C6150C6B259C6A42689D34CF /* SpaceGrotesk-Regular.ttf */; };
		3655E5757CAA89A536A727EF /* CalendarStepView.swift in Sources */ = {isa = PBXBuildFile; fileRef = 831D5E70B9E28C3D12537074 /* CalendarStepView.swift */; };
		37F4D61FD007846081472C80 /* CaptureView.swift in Sources */ = {isa = PBXBuildFile; fileRef = 3D79C67A6DEA7C184BC90BAA /* CaptureView.swift */; };
		3CBD2E188761506D8808F5A5 /* SpaceGrotesk-Medium.ttf in Resources */ = {isa = PBXBuildFile; fileRef = 4825E3872551BD448F99E642 /* SpaceGrotesk-Medium.ttf */; };
		40B6E1714A44C8DEEB84788D /* CapturedSignalTests.swift in Sources */ = {isa = PBXBuildFile; fileRef = 61FE9F433B26C0EDB43997DF /* CapturedSignalTests.swift */; };
		421836FF2267A5D2696A8F76 /* PermissionsStepView.swift in Sources */ = {isa = PBXBuildFile; fileRef = 173746B843D77E96C3FF49F4 /* PermissionsStepView.swift */; };
		46A0160BA9FFB239815DB290 /* PersonNode.swift in Sources */ = {isa = PBXBuildFile; fileRef = 78B1F5BE9468CF3CB3CB9D03 /* PersonNode.swift */; };
		4C0581040DC1FBC570C2FE2F /* ReviewCardView.swift in Sources */ = {isa = PBXBuildFile; fileRef = 30B404718167914B5B40EDA9 /* ReviewCardView.swift */; };
		4CD2341E2290AAB5257A3C34 /* FirebaseAuthService.swift in Sources */ = {isa = PBXBuildFile; fileRef = F682C0157A6EC97C76AF8022 /* FirebaseAuthService.swift */; };
		4F5F856CAA082894C9945A1C /* ConnectionsView.swift in Sources */ = {isa = PBXBuildFile; fileRef = 00BDE490EB968803AC0283A8 /* ConnectionsView.swift */; };
		4FEAE703945A6455EC70AEBD /* AppModel.swift in Sources */ = {isa = PBXBuildFile; fileRef = D7D33D1E59B3F49C303D9640 /* AppModel.swift */; };
		52F198769FF5CAA6A1A08465 /* FirebaseCore in Frameworks */ = {isa = PBXBuildFile; productRef = 5CA3A1340C88F21BBB76869B /* FirebaseCore */; };
		5B04C36CBD8F3E73944F0C87 /* SpaceGrotesk-Bold.ttf in Resources */ = {isa = PBXBuildFile; fileRef = E84B59D107366073425DA333 /* SpaceGrotesk-Bold.ttf */; };
		662347514130423ECE5919D3 /* WaveformView.swift in Sources */ = {isa = PBXBuildFile; fileRef = D1B60319FD461EC64A1A09C6 /* WaveformView.swift */; };
		6D5D965B75E1334F8D766563 /* GoogleSignInSwift in Frameworks */ = {isa = PBXBuildFile; productRef = 02459226E967C2C5C3BE174F /* GoogleSignInSwift */; };
		6DA93D544332B2B96B59406F /* ConnectionDetailView.swift in Sources */ = {isa = PBXBuildFile; fileRef = 5F294EC88B2557C6B54FF150 /* ConnectionDetailView.swift */; };
		75F5D65840120511F469DB44 /* AuthService.swift in Sources */ = {isa = PBXBuildFile; fileRef = 51E587385D5FF43E317FB3CF /* AuthService.swift */; };
		79097132EF198DCF9E99D908 /* SignInStepView.swift in Sources */ = {isa = PBXBuildFile; fileRef = 4D60EBC13775214C0718D60B /* SignInStepView.swift */; };
		7B42BBC8764577A5034AF0BD /* MockSpeechService.swift in Sources */ = {isa = PBXBuildFile; fileRef = 315FB080E7AEEF392454C325 /* MockSpeechService.swift */; };
		7E018D38E3C327570CA5FEC5 /* CapturedSignal.swift in Sources */ = {isa = PBXBuildFile; fileRef = C8C62EF495DCA7A0A7F10613 /* CapturedSignal.swift */; };
		83B6A07B6ABD17B0B8C7FA41 /* FinishStepView.swift in Sources */ = {isa = PBXBuildFile; fileRef = 2F870328D29363ACBD35EAC0 /* FinishStepView.swift */; };
		93144D6C44F82A69CEF7319A /* WarmthApp.swift in Sources */ = {isa = PBXBuildFile; fileRef = 0789B3EB390A765860E524A1 /* WarmthApp.swift */; };
		93E7F64C8918947F05F6D468 /* RecentConnectionsStrip.swift in Sources */ = {isa = PBXBuildFile; fileRef = 593C279B69AACAB84802A538 /* RecentConnectionsStrip.swift */; };
		95835903820DE34C049A3D31 /* SocialGraphEngineTests.swift in Sources */ = {isa = PBXBuildFile; fileRef = 6FF52F92A6ACE41889097661 /* SocialGraphEngineTests.swift */; };
		97DD3F8D5660D416248FE204 /* SocialGraphEngine.swift in Sources */ = {isa = PBXBuildFile; fileRef = 24D51D3D2870F199E933DAC2 /* SocialGraphEngine.swift */; };
		9884DEF840CDEC722FD41043 /* SignalClient.swift in Sources */ = {isa = PBXBuildFile; fileRef = 8DE0187905153EFC96EAD27B /* SignalClient.swift */; };
		98DA7DD47A0DE823C3C2D5DA /* WelcomeStepView.swift in Sources */ = {isa = PBXBuildFile; fileRef = 8AA14377A35A46431776C5C9 /* WelcomeStepView.swift */; };
		9B6640122F5B0A46A2ABD30D /* SpeechServicing.swift in Sources */ = {isa = PBXBuildFile; fileRef = C294F482EEC56A71AC52615C /* SpeechServicing.swift */; };
		9D782B31C95E211610D83776 /* SocialGraphProcessing.swift in Sources */ = {isa = PBXBuildFile; fileRef = 890F268DADEE35ECB969D052 /* SocialGraphProcessing.swift */; };
		A9A0297F3CCA23FC5A0F81C8 /* GoogleSignIn in Frameworks */ = {isa = PBXBuildFile; productRef = 306539510936AD8FD48E6712 /* GoogleSignIn */; };
		AB5D2176C6773D3D25EE0D24 /* WarmthTests.swift in Sources */ = {isa = PBXBuildFile; fileRef = 3D69F854E687CA1D92B75F7D /* WarmthTests.swift */; };
		B7AE7966B971F67E942373FC /* SpaceGrotesk-SemiBold.ttf in Resources */ = {isa = PBXBuildFile; fileRef = 86DC95C894412A1AF61A80E7 /* SpaceGrotesk-SemiBold.ttf */; };
		BCCA0EC948CCACB350FA9409 /* SessionCaptureLog.swift in Sources */ = {isa = PBXBuildFile; fileRef = 68C04DA8AA1CD64BE0100C55 /* SessionCaptureLog.swift */; };
		BF7D45CC08C58FF0E93AFAD8 /* ReviewView.swift in Sources */ = {isa = PBXBuildFile; fileRef = 03ED3CF6EAE12012958CD227 /* ReviewView.swift */; };
		C011C82BE450F405871CECD9 /* GoogleService-Info.plist in Resources */ = {isa = PBXBuildFile; fileRef = CFDECED4FAFEBADFECA67761 /* GoogleService-Info.plist */; };
		C0F9126AD7BEA8C3B55829D3 /* SpeechService.swift in Sources */ = {isa = PBXBuildFile; fileRef = 2C962C9C13896199CC937D21 /* SpeechService.swift */; };
		CA49D8B1F41324ED865CB1FF /* RecordOrb.swift in Sources */ = {isa = PBXBuildFile; fileRef = E66C12A1401943F6CA464CA4 /* RecordOrb.swift */; };
		DB5CE0ADA693A7F5BD850CF1 /* ConnectionRow.swift in Sources */ = {isa = PBXBuildFile; fileRef = 3024C81F2315D57D200D4A0F /* ConnectionRow.swift */; };
		DBD84288D366FA7C47DDA5D9 /* WakeWordProviding.swift in Sources */ = {isa = PBXBuildFile; fileRef = B6C3802C63337D435F07E2E3 /* WakeWordProviding.swift */; };
		F38CDBF5121EE0F572B13778 /* Assets.xcassets in Resources */ = {isa = PBXBuildFile; fileRef = C3537C9F957E2C7D90816D9C /* Assets.xcassets */; };
		F4F8979A5DBD42C97F256B3D /* MockAuthService.swift in Sources */ = {isa = PBXBuildFile; fileRef = FFB6922A15B1EE738FC4BC64 /* MockAuthService.swift */; };
		F86D5DF4DA7F9B032ABA2533 /* WatchSessionService.swift in Sources */ = {isa = PBXBuildFile; fileRef = B6953FA7D3D8B7E03487B1E3 /* WatchSessionService.swift */; };
		FAC6E499F1D1D81BFB3E012B /* Typography.swift in Sources */ = {isa = PBXBuildFile; fileRef = 5539E8ABA572E0229C0BF3AF /* Typography.swift */; };
/* End PBXBuildFile section */

/* Begin PBXContainerItemProxy section */
		67814AD1D5C55E1DE4EFECE9 /* PBXContainerItemProxy */ = {
			isa = PBXContainerItemProxy;
			containerPortal = E480E4227A5C181E3637802C /* Project object */;
			proxyType = 1;
			remoteGlobalIDString = 6F3BCE59D137F0876D3BA951;
			remoteInfo = Warmth;
		};
/* End PBXContainerItemProxy section */

/* Begin PBXFileReference section */
		00BDE490EB968803AC0283A8 /* ConnectionsView.swift */ = {isa = PBXFileReference; lastKnownFileType = sourcecode.swift; path = ConnectionsView.swift; sourceTree = "<group>"; };
		03ED3CF6EAE12012958CD227 /* ReviewView.swift */ = {isa = PBXFileReference; lastKnownFileType = sourcecode.swift; path = ReviewView.swift; sourceTree = "<group>"; };
		0789B3EB390A765860E524A1 /* WarmthApp.swift */ = {isa = PBXFileReference; lastKnownFileType = sourcecode.swift; path = WarmthApp.swift; sourceTree = "<group>"; };
		173746B843D77E96C3FF49F4 /* PermissionsStepView.swift */ = {isa = PBXFileReference; lastKnownFileType = sourcecode.swift; path = PermissionsStepView.swift; sourceTree = "<group>"; };
		205143C4A2F04EF71D601E74 /* SettingsStore.swift */ = {isa = PBXFileReference; lastKnownFileType = sourcecode.swift; path = SettingsStore.swift; sourceTree = "<group>"; };
		2333521ECA1BD51F6B159F90 /* OnboardingFlow.swift */ = {isa = PBXFileReference; lastKnownFileType = sourcecode.swift; path = OnboardingFlow.swift; sourceTree = "<group>"; };
		24D51D3D2870F199E933DAC2 /* SocialGraphEngine.swift */ = {isa = PBXFileReference; lastKnownFileType = sourcecode.swift; path = SocialGraphEngine.swift; sourceTree = "<group>"; };
		2C962C9C13896199CC937D21 /* SpeechService.swift */ = {isa = PBXFileReference; lastKnownFileType = sourcecode.swift; path = SpeechService.swift; sourceTree = "<group>"; };
		2F870328D29363ACBD35EAC0 /* FinishStepView.swift */ = {isa = PBXFileReference; lastKnownFileType = sourcecode.swift; path = FinishStepView.swift; sourceTree = "<group>"; };
		3024C81F2315D57D200D4A0F /* ConnectionRow.swift */ = {isa = PBXFileReference; lastKnownFileType = sourcecode.swift; path = ConnectionRow.swift; sourceTree = "<group>"; };
		30B404718167914B5B40EDA9 /* ReviewCardView.swift */ = {isa = PBXFileReference; lastKnownFileType = sourcecode.swift; path = ReviewCardView.swift; sourceTree = "<group>"; };
		315FB080E7AEEF392454C325 /* MockSpeechService.swift */ = {isa = PBXFileReference; lastKnownFileType = sourcecode.swift; path = MockSpeechService.swift; sourceTree = "<group>"; };
		368DBE92B0EBA826BD8CFEF2 /* OFL.txt */ = {isa = PBXFileReference; lastKnownFileType = text; path = OFL.txt; sourceTree = "<group>"; };
		3D69F854E687CA1D92B75F7D /* WarmthTests.swift */ = {isa = PBXFileReference; lastKnownFileType = sourcecode.swift; path = WarmthTests.swift; sourceTree = "<group>"; };
		3D79C67A6DEA7C184BC90BAA /* CaptureView.swift */ = {isa = PBXFileReference; lastKnownFileType = sourcecode.swift; path = CaptureView.swift; sourceTree = "<group>"; };
		4825E3872551BD448F99E642 /* SpaceGrotesk-Medium.ttf */ = {isa = PBXFileReference; lastKnownFileType = file; path = "SpaceGrotesk-Medium.ttf"; sourceTree = "<group>"; };
		4D60EBC13775214C0718D60B /* SignInStepView.swift */ = {isa = PBXFileReference; lastKnownFileType = sourcecode.swift; path = SignInStepView.swift; sourceTree = "<group>"; };
		51E587385D5FF43E317FB3CF /* AuthService.swift */ = {isa = PBXFileReference; lastKnownFileType = sourcecode.swift; path = AuthService.swift; sourceTree = "<group>"; };
		51E8F9A71CDE3FC0D80425AB /* SignalSending.swift */ = {isa = PBXFileReference; lastKnownFileType = sourcecode.swift; path = SignalSending.swift; sourceTree = "<group>"; };
		5361FC9F2CCEAB4169EB5F07 /* WarmthTests.xctest */ = {isa = PBXFileReference; includeInIndex = 0; lastKnownFileType = wrapper.cfbundle; path = WarmthTests.xctest; sourceTree = BUILT_PRODUCTS_DIR; };
		5539E8ABA572E0229C0BF3AF /* Typography.swift */ = {isa = PBXFileReference; lastKnownFileType = sourcecode.swift; path = Typography.swift; sourceTree = "<group>"; };
		593C279B69AACAB84802A538 /* RecentConnectionsStrip.swift */ = {isa = PBXFileReference; lastKnownFileType = sourcecode.swift; path = RecentConnectionsStrip.swift; sourceTree = "<group>"; };
		5F294EC88B2557C6B54FF150 /* ConnectionDetailView.swift */ = {isa = PBXFileReference; lastKnownFileType = sourcecode.swift; path = ConnectionDetailView.swift; sourceTree = "<group>"; };
		61FE9F433B26C0EDB43997DF /* CapturedSignalTests.swift */ = {isa = PBXFileReference; lastKnownFileType = sourcecode.swift; path = CapturedSignalTests.swift; sourceTree = "<group>"; };
		68C04DA8AA1CD64BE0100C55 /* SessionCaptureLog.swift */ = {isa = PBXFileReference; lastKnownFileType = sourcecode.swift; path = SessionCaptureLog.swift; sourceTree = "<group>"; };
		6FF52F92A6ACE41889097661 /* SocialGraphEngineTests.swift */ = {isa = PBXFileReference; lastKnownFileType = sourcecode.swift; path = SocialGraphEngineTests.swift; sourceTree = "<group>"; };
		78B1F5BE9468CF3CB3CB9D03 /* PersonNode.swift */ = {isa = PBXFileReference; lastKnownFileType = sourcecode.swift; path = PersonNode.swift; sourceTree = "<group>"; };
		831D5E70B9E28C3D12537074 /* CalendarStepView.swift */ = {isa = PBXFileReference; lastKnownFileType = sourcecode.swift; path = CalendarStepView.swift; sourceTree = "<group>"; };
		86DC95C894412A1AF61A80E7 /* SpaceGrotesk-SemiBold.ttf */ = {isa = PBXFileReference; lastKnownFileType = file; path = "SpaceGrotesk-SemiBold.ttf"; sourceTree = "<group>"; };
		890F268DADEE35ECB969D052 /* SocialGraphProcessing.swift */ = {isa = PBXFileReference; lastKnownFileType = sourcecode.swift; path = SocialGraphProcessing.swift; sourceTree = "<group>"; };
		8AA14377A35A46431776C5C9 /* WelcomeStepView.swift */ = {isa = PBXFileReference; lastKnownFileType = sourcecode.swift; path = WelcomeStepView.swift; sourceTree = "<group>"; };
		8DE0187905153EFC96EAD27B /* SignalClient.swift */ = {isa = PBXFileReference; lastKnownFileType = sourcecode.swift; path = SignalClient.swift; sourceTree = "<group>"; };
		8F59FCF2A3ED6172A282F543 /* MeshGradientBackground.swift */ = {isa = PBXFileReference; lastKnownFileType = sourcecode.swift; path = MeshGradientBackground.swift; sourceTree = "<group>"; };
		B6710142BFE6F88FBFB8E5FA /* SettingsView.swift */ = {isa = PBXFileReference; lastKnownFileType = sourcecode.swift; path = SettingsView.swift; sourceTree = "<group>"; };
		B6953FA7D3D8B7E03487B1E3 /* WatchSessionService.swift */ = {isa = PBXFileReference; lastKnownFileType = sourcecode.swift; path = WatchSessionService.swift; sourceTree = "<group>"; };
		B6C3802C63337D435F07E2E3 /* WakeWordProviding.swift */ = {isa = PBXFileReference; lastKnownFileType = sourcecode.swift; path = WakeWordProviding.swift; sourceTree = "<group>"; };
		BD39F3643AA95C9CAC768A8C /* RootView.swift */ = {isa = PBXFileReference; lastKnownFileType = sourcecode.swift; path = RootView.swift; sourceTree = "<group>"; };
		C294F482EEC56A71AC52615C /* SpeechServicing.swift */ = {isa = PBXFileReference; lastKnownFileType = sourcecode.swift; path = SpeechServicing.swift; sourceTree = "<group>"; };
		C3537C9F957E2C7D90816D9C /* Assets.xcassets */ = {isa = PBXFileReference; lastKnownFileType = folder.assetcatalog; path = Assets.xcassets; sourceTree = "<group>"; };
		C6150C6B259C6A42689D34CF /* SpaceGrotesk-Regular.ttf */ = {isa = PBXFileReference; lastKnownFileType = file; path = "SpaceGrotesk-Regular.ttf"; sourceTree = "<group>"; };
		C8C62EF495DCA7A0A7F10613 /* CapturedSignal.swift */ = {isa = PBXFileReference; lastKnownFileType = sourcecode.swift; path = CapturedSignal.swift; sourceTree = "<group>"; };
		CFDECED4FAFEBADFECA67761 /* GoogleService-Info.plist */ = {isa = PBXFileReference; lastKnownFileType = text.plist; path = "GoogleService-Info.plist"; sourceTree = "<group>"; };
		D1B60319FD461EC64A1A09C6 /* WaveformView.swift */ = {isa = PBXFileReference; lastKnownFileType = sourcecode.swift; path = WaveformView.swift; sourceTree = "<group>"; };
		D7D33D1E59B3F49C303D9640 /* AppModel.swift */ = {isa = PBXFileReference; lastKnownFileType = sourcecode.swift; path = AppModel.swift; sourceTree = "<group>"; };
		E0881BADFE76FF2B641B9EB9 /* WarmthColor.swift */ = {isa = PBXFileReference; lastKnownFileType = sourcecode.swift; path = WarmthColor.swift; sourceTree = "<group>"; };
		E66C12A1401943F6CA464CA4 /* RecordOrb.swift */ = {isa = PBXFileReference; lastKnownFileType = sourcecode.swift; path = RecordOrb.swift; sourceTree = "<group>"; };
		E7A40E2A94B66EBA0C6294B5 /* WarmthGlass.swift */ = {isa = PBXFileReference; lastKnownFileType = sourcecode.swift; path = WarmthGlass.swift; sourceTree = "<group>"; };
		E84B59D107366073425DA333 /* SpaceGrotesk-Bold.ttf */ = {isa = PBXFileReference; lastKnownFileType = file; path = "SpaceGrotesk-Bold.ttf"; sourceTree = "<group>"; };
		F02AAB87F7DF526385B525E0 /* Motion.swift */ = {isa = PBXFileReference; lastKnownFileType = sourcecode.swift; path = Motion.swift; sourceTree = "<group>"; };
		F24C2152E81D250C103A2848 /* SpaceGrotesk-Light.ttf */ = {isa = PBXFileReference; lastKnownFileType = file; path = "SpaceGrotesk-Light.ttf"; sourceTree = "<group>"; };
		F682C0157A6EC97C76AF8022 /* FirebaseAuthService.swift */ = {isa = PBXFileReference; lastKnownFileType = sourcecode.swift; path = FirebaseAuthService.swift; sourceTree = "<group>"; };
		FBC843CA37531CD74687A677 /* Warmth.app */ = {isa = PBXFileReference; explicitFileType = wrapper.application; includeInIndex = 0; path = Warmth.app; sourceTree = BUILT_PRODUCTS_DIR; };
		FFB6922A15B1EE738FC4BC64 /* MockAuthService.swift */ = {isa = PBXFileReference; lastKnownFileType = sourcecode.swift; path = MockAuthService.swift; sourceTree = "<group>"; };
/* End PBXFileReference section */

/* Begin PBXFrameworksBuildPhase section */
		38FD7615CF2DEC1289DB296D /* Frameworks */ = {
			isa = PBXFrameworksBuildPhase;
			buildActionMask = 2147483647;
			files = (
				0B47E6F75ABE7025E36D734A /* FirebaseAuth in Frameworks */,
				52F198769FF5CAA6A1A08465 /* FirebaseCore in Frameworks */,
				A9A0297F3CCA23FC5A0F81C8 /* GoogleSignIn in Frameworks */,
				6D5D965B75E1334F8D766563 /* GoogleSignInSwift in Frameworks */,
			);
			runOnlyForDeploymentPostprocessing = 0;
		};
/* End PBXFrameworksBuildPhase section */

/* Begin PBXGroup section */
		00B2E4D49D8F879F8C2F6EEE /* Products */ = {
			isa = PBXGroup;
			children = (
				FBC843CA37531CD74687A677 /* Warmth.app */,
				5361FC9F2CCEAB4169EB5F07 /* WarmthTests.xctest */,
			);
			name = Products;
			sourceTree = "<group>";
		};
		01C383163CB3E61572CD7858 /* Capture */ = {
			isa = PBXGroup;
			children = (
				3D79C67A6DEA7C184BC90BAA /* CaptureView.swift */,
				593C279B69AACAB84802A538 /* RecentConnectionsStrip.swift */,
				E66C12A1401943F6CA464CA4 /* RecordOrb.swift */,
				D1B60319FD461EC64A1A09C6 /* WaveformView.swift */,
			);
			path = Capture;
			sourceTree = "<group>";
		};
		048C0B3CDEBDF43B7A1AEF21 = {
			isa = PBXGroup;
			children = (
				F34F18B4C8277FFE2FCC01C4 /* Warmth-iOS */,
				00B2E4D49D8F879F8C2F6EEE /* Products */,
			);
			sourceTree = "<group>";
		};
		08399D4D94A2D4DF16F03A62 /* Connections */ = {
			isa = PBXGroup;
			children = (
				5F294EC88B2557C6B54FF150 /* ConnectionDetailView.swift */,
				3024C81F2315D57D200D4A0F /* ConnectionRow.swift */,
				00BDE490EB968803AC0283A8 /* ConnectionsView.swift */,
			);
			path = Connections;
			sourceTree = "<group>";
		};
		18670766699C19040C4E51DC /* App */ = {
			isa = PBXGroup;
			children = (
				D7D33D1E59B3F49C303D9640 /* AppModel.swift */,
				BD39F3643AA95C9CAC768A8C /* RootView.swift */,
				0789B3EB390A765860E524A1 /* WarmthApp.swift */,
			);
			path = App;
			sourceTree = "<group>";
		};
		1A07ED824AC103EDE7751BB2 /* Speech */ = {
			isa = PBXGroup;
			children = (
				315FB080E7AEEF392454C325 /* MockSpeechService.swift */,
				2C962C9C13896199CC937D21 /* SpeechService.swift */,
				C294F482EEC56A71AC52615C /* SpeechServicing.swift */,
				B6C3802C63337D435F07E2E3 /* WakeWordProviding.swift */,
			);
			path = Speech;
			sourceTree = "<group>";
		};
		1C1BE1521A02BCF39D85B19C /* Models */ = {
			isa = PBXGroup;
			children = (
				C8C62EF495DCA7A0A7F10613 /* CapturedSignal.swift */,
				78B1F5BE9468CF3CB3CB9D03 /* PersonNode.swift */,
			);
			path = Models;
			sourceTree = "<group>";
		};
		62F78FAEDA8359B74DCC89B1 /* Review */ = {
			isa = PBXGroup;
			children = (
				30B404718167914B5B40EDA9 /* ReviewCardView.swift */,
				03ED3CF6EAE12012958CD227 /* ReviewView.swift */,
			);
			path = Review;
			sourceTree = "<group>";
		};
		6A375161B2A53FF98A995D38 /* WarmthTests */ = {
			isa = PBXGroup;
			children = (
				61FE9F433B26C0EDB43997DF /* CapturedSignalTests.swift */,
				6FF52F92A6ACE41889097661 /* SocialGraphEngineTests.swift */,
				3D69F854E687CA1D92B75F7D /* WarmthTests.swift */,
			);
			path = WarmthTests;
			sourceTree = "<group>";
		};
		78C4213BCFEE4CC3060867AB /* Resources */ = {
			isa = PBXGroup;
			children = (
				EB83D113E7FABAF42EAE8068 /* Fonts */,
				C3537C9F957E2C7D90816D9C /* Assets.xcassets */,
			);
			path = Resources;
			sourceTree = "<group>";
		};
		7A054CE88A846338CCC53B4A /* Services */ = {
			isa = PBXGroup;
			children = (
				EE9910CB96AA2819765B5763 /* Auth */,
				EF10E47D089DBDC2DDE0E3FB /* Connectivity */,
				A43CA0E11CB97B4C1D657928 /* Session */,
				8346177966E50D2F024722AA /* Settings */,
				B9B195AD97D600AEC0B8B606 /* Signal */,
				F10B16AE9365B38369169908 /* SocialGraph */,
				1A07ED824AC103EDE7751BB2 /* Speech */,
			);
			path = Services;
			sourceTree = "<group>";
		};
		7D008DB50DB7AAFAEF3FFF46 /* Settings */ = {
			isa = PBXGroup;
			children = (
				B6710142BFE6F88FBFB8E5FA /* SettingsView.swift */,
			);
			path = Settings;
			sourceTree = "<group>";
		};
		8346177966E50D2F024722AA /* Settings */ = {
			isa = PBXGroup;
			children = (
				205143C4A2F04EF71D601E74 /* SettingsStore.swift */,
			);
			path = Settings;
			sourceTree = "<group>";
		};
		8D40C92DCD0316DB36CEAD99 /* Warmth */ = {
			isa = PBXGroup;
			children = (
				18670766699C19040C4E51DC /* App */,
				9BCA126F98CCBA44658D10DA /* DesignSystem */,
				F53C2C17927B8D5D7EC4BDCB /* Features */,
				1C1BE1521A02BCF39D85B19C /* Models */,
				78C4213BCFEE4CC3060867AB /* Resources */,
				7A054CE88A846338CCC53B4A /* Services */,
				CFDECED4FAFEBADFECA67761 /* GoogleService-Info.plist */,
			);
			path = Warmth;
			sourceTree = "<group>";
		};
		92B3B00BA4058218F9A5DF37 /* Onboarding */ = {
			isa = PBXGroup;
			children = (
				831D5E70B9E28C3D12537074 /* CalendarStepView.swift */,
				2F870328D29363ACBD35EAC0 /* FinishStepView.swift */,
				2333521ECA1BD51F6B159F90 /* OnboardingFlow.swift */,
				173746B843D77E96C3FF49F4 /* PermissionsStepView.swift */,
				4D60EBC13775214C0718D60B /* SignInStepView.swift */,
				8AA14377A35A46431776C5C9 /* WelcomeStepView.swift */,
			);
			path = Onboarding;
			sourceTree = "<group>";
		};
		9BCA126F98CCBA44658D10DA /* DesignSystem */ = {
			isa = PBXGroup;
			children = (
				8F59FCF2A3ED6172A282F543 /* MeshGradientBackground.swift */,
				F02AAB87F7DF526385B525E0 /* Motion.swift */,
				5539E8ABA572E0229C0BF3AF /* Typography.swift */,
				E0881BADFE76FF2B641B9EB9 /* WarmthColor.swift */,
				E7A40E2A94B66EBA0C6294B5 /* WarmthGlass.swift */,
			);
			path = DesignSystem;
			sourceTree = "<group>";
		};
		A43CA0E11CB97B4C1D657928 /* Session */ = {
			isa = PBXGroup;
			children = (
				68C04DA8AA1CD64BE0100C55 /* SessionCaptureLog.swift */,
			);
			path = Session;
			sourceTree = "<group>";
		};
		B9B195AD97D600AEC0B8B606 /* Signal */ = {
			isa = PBXGroup;
			children = (
				8DE0187905153EFC96EAD27B /* SignalClient.swift */,
				51E8F9A71CDE3FC0D80425AB /* SignalSending.swift */,
			);
			path = Signal;
			sourceTree = "<group>";
		};
		EB83D113E7FABAF42EAE8068 /* Fonts */ = {
			isa = PBXGroup;
			children = (
				368DBE92B0EBA826BD8CFEF2 /* OFL.txt */,
				E84B59D107366073425DA333 /* SpaceGrotesk-Bold.ttf */,
				F24C2152E81D250C103A2848 /* SpaceGrotesk-Light.ttf */,
				4825E3872551BD448F99E642 /* SpaceGrotesk-Medium.ttf */,
				C6150C6B259C6A42689D34CF /* SpaceGrotesk-Regular.ttf */,
				86DC95C894412A1AF61A80E7 /* SpaceGrotesk-SemiBold.ttf */,
			);
			path = Fonts;
			sourceTree = "<group>";
		};
		EE9910CB96AA2819765B5763 /* Auth */ = {
			isa = PBXGroup;
			children = (
				51E587385D5FF43E317FB3CF /* AuthService.swift */,
				F682C0157A6EC97C76AF8022 /* FirebaseAuthService.swift */,
				FFB6922A15B1EE738FC4BC64 /* MockAuthService.swift */,
			);
			path = Auth;
			sourceTree = "<group>";
		};
		EF10E47D089DBDC2DDE0E3FB /* Connectivity */ = {
			isa = PBXGroup;
			children = (
				B6953FA7D3D8B7E03487B1E3 /* WatchSessionService.swift */,
			);
			path = Connectivity;
			sourceTree = "<group>";
		};
		F10B16AE9365B38369169908 /* SocialGraph */ = {
			isa = PBXGroup;
			children = (
				24D51D3D2870F199E933DAC2 /* SocialGraphEngine.swift */,
				890F268DADEE35ECB969D052 /* SocialGraphProcessing.swift */,
			);
			path = SocialGraph;
			sourceTree = "<group>";
		};
		F34F18B4C8277FFE2FCC01C4 /* Warmth-iOS */ = {
			isa = PBXGroup;
			children = (
				8D40C92DCD0316DB36CEAD99 /* Warmth */,
				6A375161B2A53FF98A995D38 /* WarmthTests */,
			);
			path = "Warmth-iOS";
			sourceTree = "<group>";
		};
		F53C2C17927B8D5D7EC4BDCB /* Features */ = {
			isa = PBXGroup;
			children = (
				01C383163CB3E61572CD7858 /* Capture */,
				08399D4D94A2D4DF16F03A62 /* Connections */,
				92B3B00BA4058218F9A5DF37 /* Onboarding */,
				62F78FAEDA8359B74DCC89B1 /* Review */,
				7D008DB50DB7AAFAEF3FFF46 /* Settings */,
			);
			path = Features;
			sourceTree = "<group>";
		};
/* End PBXGroup section */

/* Begin PBXNativeTarget section */
		6F3BCE59D137F0876D3BA951 /* Warmth */ = {
			isa = PBXNativeTarget;
			buildConfigurationList = 1655CFDF3DF139B2B8174385 /* Build configuration list for PBXNativeTarget "Warmth" */;
			buildPhases = (
				77AD70DA19A37166D28EFD2A /* Sources */,
				6FD7C20F5B9641C11CC16719 /* Resources */,
				38FD7615CF2DEC1289DB296D /* Frameworks */,
			);
			buildRules = (
			);
			dependencies = (
			);
			name = Warmth;
			packageProductDependencies = (
				0368F9700F70BFC4CE5C48BF /* FirebaseAuth */,
				5CA3A1340C88F21BBB76869B /* FirebaseCore */,
				306539510936AD8FD48E6712 /* GoogleSignIn */,
				02459226E967C2C5C3BE174F /* GoogleSignInSwift */,
			);
			productName = Warmth;
			productReference = FBC843CA37531CD74687A677 /* Warmth.app */;
			productType = "com.apple.product-type.application";
		};
		89ECF7FF1C6813A847D497BE /* WarmthTests */ = {
			isa = PBXNativeTarget;
			buildConfigurationList = 4A8CA35BD04286808C2FB676 /* Build configuration list for PBXNativeTarget "WarmthTests" */;
			buildPhases = (
				570108613608E394AC94CFF8 /* Sources */,
			);
			buildRules = (
			);
			dependencies = (
				FCBEEAF4425355E30A81DC47 /* PBXTargetDependency */,
			);
			name = WarmthTests;
			packageProductDependencies = (
			);
			productName = WarmthTests;
			productReference = 5361FC9F2CCEAB4169EB5F07 /* WarmthTests.xctest */;
			productType = "com.apple.product-type.bundle.unit-test";
		};
/* End PBXNativeTarget section */

/* Begin PBXProject section */
		E480E4227A5C181E3637802C /* Project object */ = {
			isa = PBXProject;
			attributes = {
				BuildIndependentTargetsInParallel = YES;
				LastUpgradeCheck = 1430;
				TargetAttributes = {
					6F3BCE59D137F0876D3BA951 = {
						ProvisioningStyle = Automatic;
					};
					89ECF7FF1C6813A847D497BE = {
						DevelopmentTeam = 7JN8C5W7G7;
						ProvisioningStyle = Automatic;
					};
				};
			};
			buildConfigurationList = 30B22FE298981E5A94E43132 /* Build configuration list for PBXProject "Warmth" */;
			developmentRegion = en;
			hasScannedForEncodings = 0;
			knownRegions = (
				Base,
				en,
			);
			mainGroup = 048C0B3CDEBDF43B7A1AEF21;
			minimizedProjectReferenceProxies = 1;
			packageReferences = (
				BC88E3B7900B45B038CEF773 /* XCRemoteSwiftPackageReference "firebase-ios-sdk" */,
				39A287F9AAA10CF329C028FA /* XCRemoteSwiftPackageReference "GoogleSignIn-iOS" */,
			);
			preferredProjectObjectVersion = 77;
			productRefGroup = 00B2E4D49D8F879F8C2F6EEE /* Products */;
			projectDirPath = "";
			projectRoot = "";
			targets = (
				6F3BCE59D137F0876D3BA951 /* Warmth */,
				89ECF7FF1C6813A847D497BE /* WarmthTests */,
			);
		};
/* End PBXProject section */

/* Begin PBXResourcesBuildPhase section */
		6FD7C20F5B9641C11CC16719 /* Resources */ = {
			isa = PBXResourcesBuildPhase;
			buildActionMask = 2147483647;
			files = (
				F38CDBF5121EE0F572B13778 /* Assets.xcassets in Resources */,
				C011C82BE450F405871CECD9 /* GoogleService-Info.plist in Resources */,
				2C661959CB4297F27A5095EF /* OFL.txt in Resources */,
				5B04C36CBD8F3E73944F0C87 /* SpaceGrotesk-Bold.ttf in Resources */,
				1766BC81310F3D5A6839C332 /* SpaceGrotesk-Light.ttf in Resources */,
				3CBD2E188761506D8808F5A5 /* SpaceGrotesk-Medium.ttf in Resources */,
				34CE3234720B994E2AFC71C7 /* SpaceGrotesk-Regular.ttf in Resources */,
				B7AE7966B971F67E942373FC /* SpaceGrotesk-SemiBold.ttf in Resources */,
			);
			runOnlyForDeploymentPostprocessing = 0;
		};
/* End PBXResourcesBuildPhase section */

/* Begin PBXSourcesBuildPhase section */
		570108613608E394AC94CFF8 /* Sources */ = {
			isa = PBXSourcesBuildPhase;
			buildActionMask = 2147483647;
			files = (
				40B6E1714A44C8DEEB84788D /* CapturedSignalTests.swift in Sources */,
				95835903820DE34C049A3D31 /* SocialGraphEngineTests.swift in Sources */,
				AB5D2176C6773D3D25EE0D24 /* WarmthTests.swift in Sources */,
			);
			runOnlyForDeploymentPostprocessing = 0;
		};
		77AD70DA19A37166D28EFD2A /* Sources */ = {
			isa = PBXSourcesBuildPhase;
			buildActionMask = 2147483647;
			files = (
				4FEAE703945A6455EC70AEBD /* AppModel.swift in Sources */,
				75F5D65840120511F469DB44 /* AuthService.swift in Sources */,
				3655E5757CAA89A536A727EF /* CalendarStepView.swift in Sources */,
				37F4D61FD007846081472C80 /* CaptureView.swift in Sources */,
				7E018D38E3C327570CA5FEC5 /* CapturedSignal.swift in Sources */,
				6DA93D544332B2B96B59406F /* ConnectionDetailView.swift in Sources */,
				DB5CE0ADA693A7F5BD850CF1 /* ConnectionRow.swift in Sources */,
				4F5F856CAA082894C9945A1C /* ConnectionsView.swift in Sources */,
				83B6A07B6ABD17B0B8C7FA41 /* FinishStepView.swift in Sources */,
				4CD2341E2290AAB5257A3C34 /* FirebaseAuthService.swift in Sources */,
				31CB36B53EEF63C1819D3ADF /* MeshGradientBackground.swift in Sources */,
				F4F8979A5DBD42C97F256B3D /* MockAuthService.swift in Sources */,
				7B42BBC8764577A5034AF0BD /* MockSpeechService.swift in Sources */,
				0BE3CF8B96322D6ADFC8CC23 /* Motion.swift in Sources */,
				15C6CCAA4D501299965F39F8 /* OnboardingFlow.swift in Sources */,
				421836FF2267A5D2696A8F76 /* PermissionsStepView.swift in Sources */,
				46A0160BA9FFB239815DB290 /* PersonNode.swift in Sources */,
				93E7F64C8918947F05F6D468 /* RecentConnectionsStrip.swift in Sources */,
				CA49D8B1F41324ED865CB1FF /* RecordOrb.swift in Sources */,
				4C0581040DC1FBC570C2FE2F /* ReviewCardView.swift in Sources */,
				BF7D45CC08C58FF0E93AFAD8 /* ReviewView.swift in Sources */,
				013BCBA23E957E480C7E100B /* RootView.swift in Sources */,
				BCCA0EC948CCACB350FA9409 /* SessionCaptureLog.swift in Sources */,
				1C94ADE8EC2216FC57DBED7D /* SettingsStore.swift in Sources */,
				1BE729F167FE14745B83CA4C /* SettingsView.swift in Sources */,
				79097132EF198DCF9E99D908 /* SignInStepView.swift in Sources */,
				9884DEF840CDEC722FD41043 /* SignalClient.swift in Sources */,
				0B10DEF97C5AEDD588470DD3 /* SignalSending.swift in Sources */,
				97DD3F8D5660D416248FE204 /* SocialGraphEngine.swift in Sources */,
				9D782B31C95E211610D83776 /* SocialGraphProcessing.swift in Sources */,
				C0F9126AD7BEA8C3B55829D3 /* SpeechService.swift in Sources */,
				9B6640122F5B0A46A2ABD30D /* SpeechServicing.swift in Sources */,
				FAC6E499F1D1D81BFB3E012B /* Typography.swift in Sources */,
				DBD84288D366FA7C47DDA5D9 /* WakeWordProviding.swift in Sources */,
				93144D6C44F82A69CEF7319A /* WarmthApp.swift in Sources */,
				1C2929B1C3FC553EB954BF5F /* WarmthColor.swift in Sources */,
				2642DE185C53425E7CB5DDB4 /* WarmthGlass.swift in Sources */,
				F86D5DF4DA7F9B032ABA2533 /* WatchSessionService.swift in Sources */,
				662347514130423ECE5919D3 /* WaveformView.swift in Sources */,
				98DA7DD47A0DE823C3C2D5DA /* WelcomeStepView.swift in Sources */,
			);
			runOnlyForDeploymentPostprocessing = 0;
		};
/* End PBXSourcesBuildPhase section */

/* Begin PBXTargetDependency section */
		FCBEEAF4425355E30A81DC47 /* PBXTargetDependency */ = {
			isa = PBXTargetDependency;
			target = 6F3BCE59D137F0876D3BA951 /* Warmth */;
			targetProxy = 67814AD1D5C55E1DE4EFECE9 /* PBXContainerItemProxy */;
		};
/* End PBXTargetDependency section */

/* Begin XCBuildConfiguration section */
		088BD34A7226AB4C04C65C82 /* Release */ = {
			isa = XCBuildConfiguration;
			buildSettings = {
				BUNDLE_LOADER = "$(TEST_HOST)";
				GENERATE_INFOPLIST_FILE = YES;
				LD_RUNPATH_SEARCH_PATHS = (
					"$(inherited)",
					"@executable_path/Frameworks",
					"@loader_path/Frameworks",
				);
				PRODUCT_BUNDLE_IDENTIFIER = com.warmth.gtmhackathon.tests;
				SDKROOT = iphoneos;
				TARGETED_DEVICE_FAMILY = "1,2";
				TEST_HOST = "$(BUILT_PRODUCTS_DIR)/Warmth.app/Warmth";
			};
			name = Release;
		};
		22360FED34DDE5BC09C44E32 /* Debug */ = {
			isa = XCBuildConfiguration;
			buildSettings = {
				ASSETCATALOG_COMPILER_APPICON_NAME = AppIcon;
				ASSETCATALOG_COMPILER_GLOBAL_ACCENT_COLOR_NAME = AccentColor;
				CODE_SIGN_IDENTITY = "iPhone Developer";
				DEVELOPMENT_TEAM = 6Q3AVN73Z6;
				ENABLE_PREVIEWS = YES;
				INFOPLIST_FILE = "Warmth-iOS/Warmth/Resources/Info.plist";
				LD_RUNPATH_SEARCH_PATHS = (
					"$(inherited)",
					"@executable_path/Frameworks",
				);
				OTHER_LDFLAGS = (
					"$(inherited)",
					"-ObjC",
				);
				PRODUCT_BUNDLE_IDENTIFIER = com.warmth.gtmhackathon;
				PRODUCT_NAME = Warmth;
				SDKROOT = iphoneos;
				TARGETED_DEVICE_FAMILY = 1;
			};
			name = Debug;
		};
		2E7A138691281B1BB4D9E37B /* Release */ = {
			isa = XCBuildConfiguration;
			buildSettings = {
				ASSETCATALOG_COMPILER_APPICON_NAME = AppIcon;
				ASSETCATALOG_COMPILER_GLOBAL_ACCENT_COLOR_NAME = AccentColor;
				CODE_SIGN_IDENTITY = "iPhone Developer";
				DEVELOPMENT_TEAM = 6Q3AVN73Z6;
				ENABLE_PREVIEWS = YES;
				INFOPLIST_FILE = "Warmth-iOS/Warmth/Resources/Info.plist";
				LD_RUNPATH_SEARCH_PATHS = (
					"$(inherited)",
					"@executable_path/Frameworks",
				);
				OTHER_LDFLAGS = (
					"$(inherited)",
					"-ObjC",
				);
				PRODUCT_BUNDLE_IDENTIFIER = com.warmth.gtmhackathon;
				PRODUCT_NAME = Warmth;
				SDKROOT = iphoneos;
				TARGETED_DEVICE_FAMILY = 1;
			};
			name = Release;
		};
		71E59CF834BFDE9C03D5CF76 /* Debug */ = {
			isa = XCBuildConfiguration;
			buildSettings = {
				BUNDLE_LOADER = "$(TEST_HOST)";
				GENERATE_INFOPLIST_FILE = YES;
				LD_RUNPATH_SEARCH_PATHS = (
					"$(inherited)",
					"@executable_path/Frameworks",
					"@loader_path/Frameworks",
				);
				PRODUCT_BUNDLE_IDENTIFIER = com.warmth.gtmhackathon.tests;
				SDKROOT = iphoneos;
				TARGETED_DEVICE_FAMILY = "1,2";
				TEST_HOST = "$(BUILT_PRODUCTS_DIR)/Warmth.app/Warmth";
			};
			name = Debug;
		};
		7969E2C9DF04251943B8226B /* Release */ = {
			isa = XCBuildConfiguration;
			buildSettings = {
				ALWAYS_SEARCH_USER_PATHS = NO;
				CLANG_ANALYZER_NONNULL = YES;
				CLANG_ANALYZER_NUMBER_OBJECT_CONVERSION = YES_AGGRESSIVE;
				CLANG_CXX_LANGUAGE_STANDARD = "gnu++14";
				CLANG_CXX_LIBRARY = "libc++";
				CLANG_ENABLE_MODULES = YES;
				CLANG_ENABLE_OBJC_ARC = YES;
				CLANG_ENABLE_OBJC_WEAK = YES;
				CLANG_WARN_BLOCK_CAPTURE_AUTORELEASING = YES;
				CLANG_WARN_BOOL_CONVERSION = YES;
				CLANG_WARN_COMMA = YES;
				CLANG_WARN_CONSTANT_CONVERSION = YES;
				CLANG_WARN_DEPRECATED_OBJC_IMPLEMENTATIONS = YES;
				CLANG_WARN_DIRECT_OBJC_ISA_USAGE = YES_ERROR;
				CLANG_WARN_DOCUMENTATION_COMMENTS = YES;
				CLANG_WARN_EMPTY_BODY = YES;
				CLANG_WARN_ENUM_CONVERSION = YES;
				CLANG_WARN_INFINITE_RECURSION = YES;
				CLANG_WARN_INT_CONVERSION = YES;
				CLANG_WARN_NON_LITERAL_NULL_CONVERSION = YES;
				CLANG_WARN_OBJC_IMPLICIT_RETAIN_SELF = YES;
				CLANG_WARN_OBJC_LITERAL_CONVERSION = YES;
				CLANG_WARN_OBJC_ROOT_CLASS = YES_ERROR;
				CLANG_WARN_QUOTED_INCLUDE_IN_FRAMEWORK_HEADER = YES;
				CLANG_WARN_RANGE_LOOP_ANALYSIS = YES;
				CLANG_WARN_STRICT_PROTOTYPES = YES;
				CLANG_WARN_SUSPICIOUS_MOVE = YES;
				CLANG_WARN_UNGUARDED_AVAILABILITY = YES_AGGRESSIVE;
				CLANG_WARN_UNREACHABLE_CODE = YES;
				CLANG_WARN__DUPLICATE_METHOD_MATCH = YES;
				CODE_SIGN_STYLE = Automatic;
				COPY_PHASE_STRIP = NO;
				CURRENT_PROJECT_VERSION = 1;
				DEBUG_INFORMATION_FORMAT = "dwarf-with-dsym";
				DEVELOPMENT_TEAM = 7JN8C5W7G7;
				ENABLE_NS_ASSERTIONS = NO;
				ENABLE_STRICT_OBJC_MSGSEND = YES;
				ENABLE_USER_SCRIPT_SANDBOXING = YES;
				GCC_C_LANGUAGE_STANDARD = gnu11;
				GCC_NO_COMMON_BLOCKS = YES;
				GCC_WARN_64_TO_32_BIT_CONVERSION = YES;
				GCC_WARN_ABOUT_RETURN_TYPE = YES_ERROR;
				GCC_WARN_UNDECLARED_SELECTOR = YES;
				GCC_WARN_UNINITIALIZED_AUTOS = YES_AGGRESSIVE;
				GCC_WARN_UNUSED_FUNCTION = YES;
				GCC_WARN_UNUSED_VARIABLE = YES;
				IPHONEOS_DEPLOYMENT_TARGET = 26.0;
				MARKETING_VERSION = 0.1.0;
				MTL_ENABLE_DEBUG_INFO = NO;
				MTL_FAST_MATH = YES;
				PRODUCT_NAME = "$(TARGET_NAME)";
				SDKROOT = iphoneos;
				SWIFT_COMPILATION_MODE = wholemodule;
				SWIFT_EMIT_LOC_STRINGS = YES;
				SWIFT_OPTIMIZATION_LEVEL = "-O";
				SWIFT_VERSION = 6.0;
			};
			name = Release;
		};
		8152413915A080E6EF570E2C /* Debug */ = {
			isa = XCBuildConfiguration;
			buildSettings = {
				ALWAYS_SEARCH_USER_PATHS = NO;
				CLANG_ANALYZER_NONNULL = YES;
				CLANG_ANALYZER_NUMBER_OBJECT_CONVERSION = YES_AGGRESSIVE;
				CLANG_CXX_LANGUAGE_STANDARD = "gnu++14";
				CLANG_CXX_LIBRARY = "libc++";
				CLANG_ENABLE_MODULES = YES;
				CLANG_ENABLE_OBJC_ARC = YES;
				CLANG_ENABLE_OBJC_WEAK = YES;
				CLANG_WARN_BLOCK_CAPTURE_AUTORELEASING = YES;
				CLANG_WARN_BOOL_CONVERSION = YES;
				CLANG_WARN_COMMA = YES;
				CLANG_WARN_CONSTANT_CONVERSION = YES;
				CLANG_WARN_DEPRECATED_OBJC_IMPLEMENTATIONS = YES;
				CLANG_WARN_DIRECT_OBJC_ISA_USAGE = YES_ERROR;
				CLANG_WARN_DOCUMENTATION_COMMENTS = YES;
				CLANG_WARN_EMPTY_BODY = YES;
				CLANG_WARN_ENUM_CONVERSION = YES;
				CLANG_WARN_INFINITE_RECURSION = YES;
				CLANG_WARN_INT_CONVERSION = YES;
				CLANG_WARN_NON_LITERAL_NULL_CONVERSION = YES;
				CLANG_WARN_OBJC_IMPLICIT_RETAIN_SELF = YES;
				CLANG_WARN_OBJC_LITERAL_CONVERSION = YES;
				CLANG_WARN_OBJC_ROOT_CLASS = YES_ERROR;
				CLANG_WARN_QUOTED_INCLUDE_IN_FRAMEWORK_HEADER = YES;
				CLANG_WARN_RANGE_LOOP_ANALYSIS = YES;
				CLANG_WARN_STRICT_PROTOTYPES = YES;
				CLANG_WARN_SUSPICIOUS_MOVE = YES;
				CLANG_WARN_UNGUARDED_AVAILABILITY = YES_AGGRESSIVE;
				CLANG_WARN_UNREACHABLE_CODE = YES;
				CLANG_WARN__DUPLICATE_METHOD_MATCH = YES;
				CODE_SIGN_STYLE = Automatic;
				COPY_PHASE_STRIP = NO;
				CURRENT_PROJECT_VERSION = 1;
				DEBUG_INFORMATION_FORMAT = dwarf;
				DEVELOPMENT_TEAM = 7JN8C5W7G7;
				ENABLE_STRICT_OBJC_MSGSEND = YES;
				ENABLE_TESTABILITY = YES;
				ENABLE_USER_SCRIPT_SANDBOXING = YES;
				GCC_C_LANGUAGE_STANDARD = gnu11;
				GCC_DYNAMIC_NO_PIC = NO;
				GCC_NO_COMMON_BLOCKS = YES;
				GCC_OPTIMIZATION_LEVEL = 0;
				GCC_PREPROCESSOR_DEFINITIONS = (
					"$(inherited)",
					"DEBUG=1",
				);
				GCC_WARN_64_TO_32_BIT_CONVERSION = YES;
				GCC_WARN_ABOUT_RETURN_TYPE = YES_ERROR;
				GCC_WARN_UNDECLARED_SELECTOR = YES;
				GCC_WARN_UNINITIALIZED_AUTOS = YES_AGGRESSIVE;
				GCC_WARN_UNUSED_FUNCTION = YES;
				GCC_WARN_UNUSED_VARIABLE = YES;
				IPHONEOS_DEPLOYMENT_TARGET = 26.0;
				MARKETING_VERSION = 0.1.0;
				MTL_ENABLE_DEBUG_INFO = INCLUDE_SOURCE;
				MTL_FAST_MATH = YES;
				ONLY_ACTIVE_ARCH = YES;
				PRODUCT_NAME = "$(TARGET_NAME)";
				SDKROOT = iphoneos;
				SWIFT_ACTIVE_COMPILATION_CONDITIONS = DEBUG;
				SWIFT_EMIT_LOC_STRINGS = YES;
				SWIFT_OPTIMIZATION_LEVEL = "-Onone";
				SWIFT_VERSION = 6.0;
			};
			name = Debug;
		};
/* End XCBuildConfiguration section */

/* Begin XCConfigurationList section */
		1655CFDF3DF139B2B8174385 /* Build configuration list for PBXNativeTarget "Warmth" */ = {
			isa = XCConfigurationList;
			buildConfigurations = (
				22360FED34DDE5BC09C44E32 /* Debug */,
				2E7A138691281B1BB4D9E37B /* Release */,
			);
			defaultConfigurationIsVisible = 0;
			defaultConfigurationName = Debug;
		};
		30B22FE298981E5A94E43132 /* Build configuration list for PBXProject "Warmth" */ = {
			isa = XCConfigurationList;
			buildConfigurations = (
				8152413915A080E6EF570E2C /* Debug */,
				7969E2C9DF04251943B8226B /* Release */,
			);
			defaultConfigurationIsVisible = 0;
			defaultConfigurationName = Debug;
		};
		4A8CA35BD04286808C2FB676 /* Build configuration list for PBXNativeTarget "WarmthTests" */ = {
			isa = XCConfigurationList;
			buildConfigurations = (
				71E59CF834BFDE9C03D5CF76 /* Debug */,
				088BD34A7226AB4C04C65C82 /* Release */,
			);
			defaultConfigurationIsVisible = 0;
			defaultConfigurationName = Debug;
		};
/* End XCConfigurationList section */

/* Begin XCRemoteSwiftPackageReference section */
		39A287F9AAA10CF329C028FA /* XCRemoteSwiftPackageReference "GoogleSignIn-iOS" */ = {
			isa = XCRemoteSwiftPackageReference;
			repositoryURL = "https://github.com/google/GoogleSignIn-iOS";
			requirement = {
				kind = upToNextMajorVersion;
				minimumVersion = 9.0.0;
			};
		};
		BC88E3B7900B45B038CEF773 /* XCRemoteSwiftPackageReference "firebase-ios-sdk" */ = {
			isa = XCRemoteSwiftPackageReference;
			repositoryURL = "https://github.com/firebase/firebase-ios-sdk";
			requirement = {
				kind = upToNextMajorVersion;
				minimumVersion = 12.0.0;
			};
		};
/* End XCRemoteSwiftPackageReference section */

/* Begin XCSwiftPackageProductDependency section */
		02459226E967C2C5C3BE174F /* GoogleSignInSwift */ = {
			isa = XCSwiftPackageProductDependency;
			package = 39A287F9AAA10CF329C028FA /* XCRemoteSwiftPackageReference "GoogleSignIn-iOS" */;
			productName = GoogleSignInSwift;
		};
		0368F9700F70BFC4CE5C48BF /* FirebaseAuth */ = {
			isa = XCSwiftPackageProductDependency;
			package = BC88E3B7900B45B038CEF773 /* XCRemoteSwiftPackageReference "firebase-ios-sdk" */;
			productName = FirebaseAuth;
		};
		306539510936AD8FD48E6712 /* GoogleSignIn */ = {
			isa = XCSwiftPackageProductDependency;
			package = 39A287F9AAA10CF329C028FA /* XCRemoteSwiftPackageReference "GoogleSignIn-iOS" */;
			productName = GoogleSignIn;
		};
		5CA3A1340C88F21BBB76869B /* FirebaseCore */ = {
			isa = XCSwiftPackageProductDependency;
			package = BC88E3B7900B45B038CEF773 /* XCRemoteSwiftPackageReference "firebase-ios-sdk" */;
			productName = FirebaseCore;
		};
/* End XCSwiftPackageProductDependency section */
	};
	rootObject = E480E4227A5C181E3637802C /* Project object */;
}
